
Microsoft Visual Studio Solution File, Format Version 12.00
# Visual Studio Version 17
VisualStudioVersion = 17.13.35931.197
MinimumVisualStudioVersion = 10.0.40219.1
Project("{FAE04EC0-301F-11D3-BF4B-00C04F79EFBC}") = "BankCustomers", "BankCustomer\BankCustomers.csproj", "{9E5C4B4A-4D5B-4979-B44C-1A74F310752A}"
EndProject
Global
	GlobalSection(SolutionConfigurationPlatforms) = preSolution
		Debug|Any CPU = Debug|Any CPU
		Release|Any CPU = Release|Any CPU
	EndGlobalSection
	GlobalSection(ProjectConfigurationPlatforms) = postSolution
		{9E5C4B4A-4D5B-4979-B44C-1A74F310752A}.Debug|Any CPU.ActiveCfg = Debug|Any CPU
		{9E5C4B4A-4D5B-4979-B44C-1A74F310752A}.Debug|Any CPU.Build.0 = Debug|Any CPU
		{9E5C4B4A-4D5B-4979-B44C-1A74F310752A}.Release|Any CPU.ActiveCfg = Release|Any CPU
		{9E5C4B4A-4D5B-4979-B44C-1A74F310752A}.Release|Any CPU.Build.0 = Release|Any CPU
	EndGlobalSection
	GlobalSection(SolutionProperties) = preSolution
		HideSolutionNode = FALSE
	EndGlobalSection
	GlobalSection(ExtensibilityGlobals) = postSolution
		SolutionGuid = {64CB5B7A-8A55-4437-88D1-F44611B657B3}
	EndGlobalSection
EndGlobal
